github.com/free5gc/openapi v1.1.0 h1:bOTp6vKC2MxupEXD76qeUL1MppV/SmXnka09JQJADZ0=
github.com/free5gc/openapi v1.1.0/go.mod h1:Q2vSmc1xpSE9Dy8rbNSWQwv7cFLHbZvKhq528vj6Wbg=
github.com/golang-jwt/jwt/v5 v5.2.2 h1:Rl4B7itRWVtYIHFrSNd7vhTiz9UpLdi6gZhZ3wEeDy8=
github.com/golang-jwt/jwt/v5 v5.2.2/go.mod h1:pqrtFR0X4osieyHYxtmOUWsAWrfe1Q5UVIyoH402zdk=
